github.com/alecthomas/kong v1.2.1 h1:E8jH4Tsgv6wCRX2nGrdPyHDUCSG83WH2qE4XLACD33Q=
github.com/alecthomas/kong v1.2.1/go.mod h1:rKTSFhbdp3Ryefn8x5MOEprnRFQ7nlmMC01GKhehhBM=
github.com/cockroachdb/ttycolor v0.0.0-20210902133924-c7d7dcdde4e8 h1:Hli+oX84dKq44sLVCcsGKqifm5Lg9J8VoJ2P3h9iPdI=
github.com/cockroachdb/ttycolor v0.0.0-20210902133924-c7d7dcdde4e8/go.mod h1:75wnig8+TF6vst9hChkpcFO7YrRLddouJ5is8uqpfv0=
github.com/savioxavier/termlink v1.4.1 h1:pFcd+XH8iQjL+2mB4buCDUo+CMt5kKsr8jGG+VLfYAg=
github.com/savioxavier/termlink v1.4.1/go.mod h1:5T5ePUlWbxCHIwyF8/Ez1qufOoGM89RCg9NvG+3G3gc=
